
Microsoft Visual Studio Solution File, Format Version 12.00
# Visual Studio Version 17
VisualStudioVersion = 17.3.32825.248
MinimumVisualStudioVersion = 10.0.40219.1
Project("{FAE04EC0-301F-11D3-BF4B-00C04F79EFBC}") = "WebApplication1", "WebApplication1.csproj", "{CF90328E-F555-4F1E-B7A0-D308A1A2F44C}"
EndProject
Global
	GlobalSection(SolutionConfigurationPlatforms) = preSolution
		Debug|Any CPU = Debug|Any CPU
		Release|Any CPU = Release|Any CPU
	EndGlobalSection
	GlobalSection(ProjectConfigurationPlatforms) = postSolution
		{CF90328E-F555-4F1E-B7A0-D308A1A2F44C}.Debug|Any CPU.ActiveCfg = Debug|Any CPU
		{CF90328E-F555-4F1E-B7A0-D308A1A2F44C}.Debug|Any CPU.Build.0 = Debug|Any CPU
		{CF90328E-F555-4F1E-B7A0-D308A1A2F44C}.Release|Any CPU.ActiveCfg = Release|Any CPU
		{CF90328E-F555-4F1E-B7A0-D308A1A2F44C}.Release|Any CPU.Build.0 = Release|Any CPU
	EndGlobalSection
	GlobalSection(SolutionProperties) = preSolution
		HideSolutionNode = FALSE
	EndGlobalSection
	GlobalSection(ExtensibilityGlobals) = postSolution
		SolutionGuid = {02C0172D-D178-4DD0-888B-427542ACE862}
	EndGlobalSection
EndGlobal
